# THIS IS AN AUTOGENERATED FILE. DO NOT EDIT THIS FILE DIRECTLY.
# yarn lockfile v1


chrome-extension-async@^3.4.1:
  version "3.4.1"
  resolved "https://registry.yarnpkg.com/chrome-extension-async/-/chrome-extension-async-3.4.1.tgz#bac9b1924e85c0968ed19b4d56ec98cddaf42567"
  integrity sha512-YBkFGFL+8MpkHvZ4nB/NU0uPkJU4LWjSlqxgXOwHcBe5sGs/YT0etEkmQXay3Op6p2c+34zf1k4Osi0ma4HtiQ==
